
Microsoft Visual Studio Solution File, Format Version 12.00
# Visual Studio Version 17
VisualStudioVersion = 17.4.33213.308
MinimumVisualStudioVersion = 10.0.40219.1
Project("{FAE04EC0-301F-11D3-BF4B-00C04F79EFBC}") = "DesignPatterns", "DesignPatterns\DesignPatterns.csproj", "{E38F49F6-569A-4C25-95A4-20D3DBAE181D}"
EndProject
Project("{FAE04EC0-301F-11D3-BF4B-00C04F79EFBC}") = "PizzaSimpleFactory", "PizzaSimpleFactory\PizzaSimpleFactory.csproj", "{223DC187-46B0-45BC-97F1-93D95A1AC30C}"
EndProject
Global
	GlobalSection(SolutionConfigurationPlatforms) = preSolution
		Debug|Any CPU = Debug|Any CPU
		Release|Any CPU = Release|Any CPU
	EndGlobalSection
	GlobalSection(ProjectConfigurationPlatforms) = postSolution
		{E38F49F6-569A-4C25-95A4-20D3DBAE181D}.Debug|Any CPU.ActiveCfg = Debug|Any CPU
		{E38F49F6-569A-4C25-95A4-20D3DBAE181D}.Debug|Any CPU.Build.0 = Debug|Any CPU
		{E38F49F6-569A-4C25-95A4-20D3DBAE181D}.Release|Any CPU.ActiveCfg = Release|Any CPU
		{E38F49F6-569A-4C25-95A4-20D3DBAE181D}.Release|Any CPU.Build.0 = Release|Any CPU
		{223DC187-46B0-45BC-97F1-93D95A1AC30C}.Debug|Any CPU.ActiveCfg = Debug|Any CPU
		{223DC187-46B0-45BC-97F1-93D95A1AC30C}.Debug|Any CPU.Build.0 = Debug|Any CPU
		{223DC187-46B0-45BC-97F1-93D95A1AC30C}.Release|Any CPU.ActiveCfg = Release|Any CPU
		{223DC187-46B0-45BC-97F1-93D95A1AC30C}.Release|Any CPU.Build.0 = Release|Any CPU
	EndGlobalSection
	GlobalSection(SolutionProperties) = preSolution
		HideSolutionNode = FALSE
	EndGlobalSection
	GlobalSection(ExtensibilityGlobals) = postSolution
		SolutionGuid = {1F192350-1341-473E-9518-1FA23AB6A638}
	EndGlobalSection
EndGlobal
